<?xml version="1.0" encoding="utf-8"?>
<Project ToolsVersion="4.0" xmlns="http://schemas.microsoft.com/developer/msbuild/2003">
  <ItemGroup>
    <Filter Include="Core">
      <UniqueIdentifier>{2EB4837C-1AEB-840D-C3D7-6A10AFED000F}</UniqueIdentifier>
    </Filter>
    <Filter Include="GLTFTest">
      <UniqueIdentifier>{923253A5-7EFF-ADB0-A718-9C589344E33E}</UniqueIdentifier>
    </Filter>
    <Filter Include="GLTFTest\Model">
      <UniqueIdentifier>{52C17951-3E8F-6D57-2723-DE7D139049BC}</UniqueIdentifier>
    </Filter>
    <Filter Include="Vulkan">
      <UniqueIdentifier>{D6EAFCD8-C28C-27AF-AB47-3B039788AEFF}</UniqueIdentifier>
    </Filter>
    <Filter Include="Vulkan\Buffers">
      <UniqueIdentifier>{52204285-3EEE-358B-2782-A6B113EF11F0}</UniqueIdentifier>
    </Filter>
    <Filter Include="Vulkan\Pipeline">
      <UniqueIdentifier>{BB23AA94-27AF-1759-30C0-9A4D9CCA7359}</UniqueIdentifier>
    </Filter>
  </ItemGroup>
  <ItemGroup>
    <ClInclude Include="src\Core\Camera.h">
      <Filter>Core</Filter>
    </ClInclude>
    <ClInclude Include="src\Core\Input.h">
      <Filter>Core</Filter>
    </ClInclude>
    <ClInclude Include="src\Core\Logger.h">
      <Filter>Core</Filter>
    </ClInclude>
    <ClInclude Include="src\Core\Window.h">
      <Filter>Core</Filter>
    </ClInclude>
    <ClInclude Include="src\GLTFTest\GLTFLoader.h">
      <Filter>GLTFTest</Filter>
    </ClInclude>
    <ClInclude Include="src\GLTFTest\Model\Model.h">
      <Filter>GLTFTest\Model</Filter>
    </ClInclude>
    <ClInclude Include="src\Vulkan\Buffers\Buffer.h">
      <Filter>Vulkan\Buffers</Filter>
    </ClInclude>
    <ClInclude Include="src\Vulkan\Buffers\Framebuffer.h">
      <Filter>Vulkan\Buffers</Filter>
    </ClInclude>
    <ClInclude Include="src\Vulkan\Buffers\Image.h">
      <Filter>Vulkan\Buffers</Filter>
    </ClInclude>
    <ClInclude Include="src\Vulkan\Buffers\ImageView.h">
      <Filter>Vulkan\Buffers</Filter>
    </ClInclude>
    <ClInclude Include="src\Vulkan\Buffers\Memory.h">
      <Filter>Vulkan\Buffers</Filter>
    </ClInclude>
    <ClInclude Include="src\Vulkan\CommandBuffer.h">
      <Filter>Vulkan</Filter>
    </ClInclude>
    <ClInclude Include="src\Vulkan\CommandPool.h">
      <Filter>Vulkan</Filter>
    </ClInclude>
    <ClInclude Include="src\Vulkan\Frame.h">
      <Filter>Vulkan</Filter>
    </ClInclude>
    <ClInclude Include="src\Vulkan\Instance.h">
      <Filter>Vulkan</Filter>
    </ClInclude>
    <ClInclude Include="src\Vulkan\Pipeline\DescriptorLayout.h">
      <Filter>Vulkan\Pipeline</Filter>
    </ClInclude>
    <ClInclude Include="src\Vulkan\Pipeline\DescriptorManager.h">
      <Filter>Vulkan\Pipeline</Filter>
    </ClInclude>
    <ClInclude Include="src\Vulkan\Pipeline\Descriptors.h">
      <Filter>Vulkan\Pipeline</Filter>
    </ClInclude>
    <ClInclude Include="src\Vulkan\Pipeline\Pipeline.h">
      <Filter>Vulkan\Pipeline</Filter>
    </ClInclude>
    <ClInclude Include="src\Vulkan\Pipeline\PipelineInfo.h">
      <Filter>Vulkan\Pipeline</Filter>
    </ClInclude>
    <ClInclude Include="src\Vulkan\Pipeline\PushConstants.h">
      <Filter>Vulkan\Pipeline</Filter>
    </ClInclude>
    <ClInclude Include="src\Vulkan\Pipeline\RenderPass.h">
      <Filter>Vulkan\Pipeline</Filter>
    </ClInclude>
    <ClInclude Include="src\Vulkan\Pipeline\Shader.h">
      <Filter>Vulkan\Pipeline</Filter>
    </ClInclude>
    <ClInclude Include="src\Vulkan\Renderer.h">
      <Filter>Vulkan</Filter>
    </ClInclude>
    <ClInclude Include="src\Vulkan\Sampler.h">
      <Filter>Vulkan</Filter>
    </ClInclude>
    <ClInclude Include="src\Vulkan\SwapChain.h">
      <Filter>Vulkan</Filter>
    </ClInclude>
    <ClInclude Include="src\Vulkan\Texture.h">
      <Filter>Vulkan</Filter>
    </ClInclude>
    <ClInclude Include="src\jaspch.h" />
    <ClInclude Include="src\Vulkan\Texture.h">
    <ClInclude Include="src\Vulkan\VKImgui.h">
      <Filter>Vulkan</Filter>
    </ClInclude>
    <ClInclude Include="src\Vulkan\Sampler.h" />
    <ClInclude Include="src\Core\Camera.h" />
    <ClInclude Include="src\Core\Input.h" />
    <ClInclude Include="src\Vulkan\Pipeline\PushConstants.h" />
    <ClInclude Include="src\ComputeTest\ComputeTest.h" />
    <ClInclude Include="src\Threading\ThreadManager.h" />
    <ClInclude Include="src\Threading\ThreadingTest.h" />
    <ClInclude Include="src\Models\Model\Model.h" />
    <ClInclude Include="src\Models\GLTFLoader.h" />
    <ClInclude Include="src\Models\GLTFTest.h" />
    <ClInclude Include="src\Vulkan\VulkanCommon.h">
      <Filter>Vulkan</Filter>
    </ClInclude>
    <ClInclude Include="src\jaspch.h" />
  </ItemGroup>
  <ItemGroup>
    <ClCompile Include="src\Core\Camera.cpp">
      <Filter>Core</Filter>
    </ClCompile>
    <ClCompile Include="src\Core\Input.cpp">
      <Filter>Core</Filter>
    </ClCompile>
    <ClCompile Include="src\Core\Logger.cpp">
      <Filter>Core</Filter>
    </ClCompile>
    <ClCompile Include="src\Core\Window.cpp">
      <Filter>Core</Filter>
    </ClCompile>
    <ClCompile Include="src\GLTFTest\GLTFLoader.cpp">
      <Filter>GLTFTest</Filter>
    </ClCompile>
    <ClCompile Include="src\GLTFTest\Model\Model.cpp">
      <Filter>GLTFTest\Model</Filter>
    </ClCompile>
    <ClCompile Include="src\Vulkan\Buffers\Buffer.cpp">
      <Filter>Vulkan\Buffers</Filter>
    </ClCompile>
    <ClCompile Include="src\Vulkan\Buffers\Framebuffer.cpp">
      <Filter>Vulkan\Buffers</Filter>
    </ClCompile>
    <ClCompile Include="src\Vulkan\Buffers\Image.cpp">
      <Filter>Vulkan\Buffers</Filter>
    </ClCompile>
    <ClCompile Include="src\Vulkan\Buffers\ImageView.cpp">
      <Filter>Vulkan\Buffers</Filter>
    </ClCompile>
    <ClCompile Include="src\Vulkan\Buffers\Memory.cpp">
      <Filter>Vulkan\Buffers</Filter>
    </ClCompile>
    <ClCompile Include="src\Vulkan\CommandBuffer.cpp">
      <Filter>Vulkan</Filter>
    </ClCompile>
    <ClCompile Include="src\Vulkan\CommandPool.cpp">
      <Filter>Vulkan</Filter>
    </ClCompile>
    <ClCompile Include="src\Vulkan\Frame.cpp">
      <Filter>Vulkan</Filter>
    </ClCompile>
    <ClCompile Include="src\Vulkan\Instance.cpp">
      <Filter>Vulkan</Filter>
    </ClCompile>
    <ClCompile Include="src\Vulkan\Pipeline\DescriptorLayout.cpp">
      <Filter>Vulkan\Pipeline</Filter>
    </ClCompile>
    <ClCompile Include="src\Vulkan\Pipeline\DescriptorManager.cpp">
      <Filter>Vulkan\Pipeline</Filter>
    </ClCompile>
    <ClCompile Include="src\Vulkan\Pipeline\Pipeline.cpp">
      <Filter>Vulkan\Pipeline</Filter>
    </ClCompile>
    <ClCompile Include="src\Vulkan\Pipeline\PushConstants.cpp">
      <Filter>Vulkan\Pipeline</Filter>
    </ClCompile>
    <ClCompile Include="src\Vulkan\Pipeline\RenderPass.cpp">
      <Filter>Vulkan\Pipeline</Filter>
    </ClCompile>
    <ClCompile Include="src\Vulkan\Pipeline\Shader.cpp">
      <Filter>Vulkan\Pipeline</Filter>
    </ClCompile>
    <ClCompile Include="src\Vulkan\Renderer.cpp">
      <Filter>Vulkan</Filter>
    </ClCompile>
    <ClCompile Include="src\Vulkan\Sampler.cpp">
      <Filter>Vulkan</Filter>
    </ClCompile>
    <ClCompile Include="src\Vulkan\SwapChain.cpp">
      <Filter>Vulkan</Filter>
    </ClCompile>
    <ClCompile Include="src\jaspch.cpp" />
    <ClCompile Include="src\main.cpp" />
    <ClCompile Include="src\Vulkan\Sampler.cpp" />
    <ClCompile Include="src\Core\Camera.cpp" />
    <ClCompile Include="src\Core\Input.cpp" />
    <ClCompile Include="src\Vulkan\Texture.cpp">
      <Filter>Vulkan</Filter>
    </ClCompile>
    <ClCompile Include="src\Vulkan\VKImgui.cpp">
      <Filter>Vulkan</Filter>
    </ClCompile>
    <ClCompile Include="src\jaspch.cpp" />
    <ClCompile Include="src\main.cpp" />
    <ClCompile Include="src\Vulkan\Pipeline\PushConstants.cpp" />
    <ClCompile Include="src\Threading\ThreadManager.cpp" />
    <ClCompile Include="src\Threading\ThreadingTest.cpp" />
    <ClCompile Include="src\Models\Model\Model.cpp" />
    <ClCompile Include="src\Models\GLTFLoader.cpp" />
    <ClCompile Include="src\Models\GLTFTest.cpp" />
    <ClCompile Include="src\ComputeTest\ComputeTest.cpp" />
  </ItemGroup>
</Project>