<?xml version="1.0" encoding="utf-8"?>
<Project ToolsVersion="4.0" xmlns="http://schemas.microsoft.com/developer/msbuild/2003">
  <ItemGroup>
    <Filter Include="Core">
      <UniqueIdentifier>{2EB4837C-1AEB-840D-C3D7-6A10AFED000F}</UniqueIdentifier>
    </Filter>
    <Filter Include="Models">
      <UniqueIdentifier>{096F8DC3-F510-B899-DECB-CBEDCA0C3FEA}</UniqueIdentifier>
    </Filter>
    <Filter Include="Models\Model">
      <UniqueIdentifier>{093BC321-F59D-52C6-9E23-8B7C8A651E49}</UniqueIdentifier>
    </Filter>
    <Filter Include="Sandbox">
      <UniqueIdentifier>{F4C124E3-60A1-A37E-69B9-2E55D5170AE0}</UniqueIdentifier>
    </Filter>
    <Filter Include="Sandbox\Tests">
      <UniqueIdentifier>{B6433F28-2204-BB5E-EB3E-04DC57BEFF3A}</UniqueIdentifier>
    </Filter>
    <Filter Include="Sandbox\Tests\ComputeTest">
      <UniqueIdentifier>{82EB63AA-EEAD-9734-375E-26C1A35F7012}</UniqueIdentifier>
    </Filter>
    <Filter Include="Threading">
      <UniqueIdentifier>{DB1BCC5F-4786-80D6-90C4-317CFC6D5E2B}</UniqueIdentifier>
    </Filter>
    <Filter Include="Vulkan">
      <UniqueIdentifier>{D6EAFCD8-C28C-27AF-AB47-3B039788AEFF}</UniqueIdentifier>
    </Filter>
    <Filter Include="Vulkan\Buffers">
      <UniqueIdentifier>{52204285-3EEE-358B-2782-A6B113EF11F0}</UniqueIdentifier>
    </Filter>
    <Filter Include="Vulkan\Pipeline">
      <UniqueIdentifier>{BB23AA94-27AF-1759-30C0-9A4D9CCA7359}</UniqueIdentifier>
    </Filter>
  </ItemGroup>
  <ItemGroup>
    <ClInclude Include="src\Core\Camera.h">
      <Filter>Core</Filter>
    </ClInclude>
    <ClInclude Include="src\Core\Input.h">
      <Filter>Core</Filter>
    </ClInclude>
    <ClInclude Include="src\Core\Logger.h">
      <Filter>Core</Filter>
    </ClInclude>
    <ClInclude Include="src\Core\Window.h">
      <Filter>Core</Filter>
    </ClInclude>
    <ClInclude Include="src\Models\GLTFLoader.h">
      <Filter>Models</Filter>
    </ClInclude>
    <ClInclude Include="src\Models\Model\Model.h">
      <Filter>Models\Model</Filter>
    </ClInclude>
    <ClInclude Include="src\Sandbox\SandboxManager.h">
      <Filter>Sandbox</Filter>
    </ClInclude>
    <ClInclude Include="src\Sandbox\Tests\ComputeTest\ComputeTest.h">
      <Filter>Sandbox\Tests\ComputeTest</Filter>
    </ClInclude>
    <ClInclude Include="src\Sandbox\Tests\GLTFTest.h">
      <Filter>Sandbox\Tests</Filter>
    </ClInclude>
    <ClInclude Include="src\Sandbox\Tests\RenderTest.h">
      <Filter>Sandbox\Tests</Filter>
    </ClInclude>
    <ClInclude Include="src\Sandbox\Tests\ThreadingTest.h">
      <Filter>Sandbox\Tests</Filter>
    </ClInclude>
    <ClInclude Include="src\Sandbox\Tests\TransferTest.h">
      <Filter>Sandbox\Tests</Filter>
    </ClInclude>
    <ClInclude Include="src\Sandbox\VKSandboxBase.h">
      <Filter>Sandbox</Filter>
    </ClInclude>
    <ClInclude Include="src\Threading\ThreadManager.h">
      <Filter>Threading</Filter>
    </ClInclude>
    <ClInclude Include="src\Vulkan\Buffers\Buffer.h">
      <Filter>Vulkan\Buffers</Filter>
    </ClInclude>
    <ClInclude Include="src\Vulkan\Buffers\Framebuffer.h">
      <Filter>Vulkan\Buffers</Filter>
    </ClInclude>
    <ClInclude Include="src\Vulkan\Buffers\Image.h">
      <Filter>Vulkan\Buffers</Filter>
    </ClInclude>
    <ClInclude Include="src\Vulkan\Buffers\ImageView.h">
      <Filter>Vulkan\Buffers</Filter>
    </ClInclude>
    <ClInclude Include="src\Vulkan\Buffers\Memory.h">
      <Filter>Vulkan\Buffers</Filter>
    </ClInclude>
    <ClInclude Include="src\Vulkan\CommandBuffer.h">
      <Filter>Vulkan</Filter>
    </ClInclude>
    <ClInclude Include="src\Vulkan\CommandPool.h">
      <Filter>Vulkan</Filter>
    </ClInclude>
    <ClInclude Include="src\Vulkan\Frame.h">
      <Filter>Vulkan</Filter>
    </ClInclude>
    <ClInclude Include="src\Vulkan\Instance.h">
      <Filter>Vulkan</Filter>
    </ClInclude>
    <ClInclude Include="src\Vulkan\Pipeline\DescriptorLayout.h">
      <Filter>Vulkan\Pipeline</Filter>
    </ClInclude>
    <ClInclude Include="src\Vulkan\Pipeline\DescriptorManager.h">
      <Filter>Vulkan\Pipeline</Filter>
    </ClInclude>
    <ClInclude Include="src\Vulkan\Pipeline\Descriptors.h">
      <Filter>Vulkan\Pipeline</Filter>
    </ClInclude>
    <ClInclude Include="src\Vulkan\Pipeline\Pipeline.h">
      <Filter>Vulkan\Pipeline</Filter>
    </ClInclude>
    <ClInclude Include="src\Vulkan\Pipeline\PipelineInfo.h">
      <Filter>Vulkan\Pipeline</Filter>
    </ClInclude>
    <ClInclude Include="src\Vulkan\Pipeline\PushConstants.h">
      <Filter>Vulkan\Pipeline</Filter>
    </ClInclude>
    <ClInclude Include="src\Vulkan\Pipeline\RenderPass.h">
      <Filter>Vulkan\Pipeline</Filter>
    </ClInclude>
    <ClInclude Include="src\Vulkan\Pipeline\Shader.h">
      <Filter>Vulkan\Pipeline</Filter>
    </ClInclude>
    <ClInclude Include="src\Vulkan\Renderer.h">
      <Filter>Vulkan</Filter>
    </ClInclude>
    <ClInclude Include="src\Vulkan\Sampler.h">
      <Filter>Vulkan</Filter>
    </ClInclude>
    <ClInclude Include="src\Vulkan\SwapChain.h">
      <Filter>Vulkan</Filter>
    </ClInclude>
    <ClInclude Include="src\Vulkan\Texture.h">
      <Filter>Vulkan</Filter>
    </ClInclude>
    <ClInclude Include="src\Vulkan\VKImgui.h">
      <Filter>Vulkan</Filter>
    </ClInclude>
    <ClInclude Include="src\Vulkan\VulkanCommon.h">
      <Filter>Vulkan</Filter>
    </ClInclude>
    <ClInclude Include="src\Vulkan\VulkanProfiler.h">
      <Filter>Vulkan</Filter>
    </ClInclude>
    <ClInclude Include="src\jaspch.h" />
    <ClInclude Include="src\Core\CPUProfiler.h" />
  </ItemGroup>
  <ItemGroup>
    <ClCompile Include="src\Core\Camera.cpp">
      <Filter>Core</Filter>
    </ClCompile>
    <ClCompile Include="src\Core\Input.cpp">
      <Filter>Core</Filter>
    </ClCompile>
    <ClCompile Include="src\Core\Logger.cpp">
      <Filter>Core</Filter>
    </ClCompile>
    <ClCompile Include="src\Core\Window.cpp">
      <Filter>Core</Filter>
    </ClCompile>
    <ClCompile Include="src\Models\GLTFLoader.cpp">
      <Filter>Models</Filter>
    </ClCompile>
    <ClCompile Include="src\Models\Model\Model.cpp">
      <Filter>Models\Model</Filter>
    </ClCompile>
    <ClCompile Include="src\Sandbox\SandboxManager.cpp">
      <Filter>Sandbox</Filter>
    </ClCompile>
    <ClCompile Include="src\Sandbox\Tests\ComputeTest\ComputeTest.cpp">
      <Filter>Sandbox\Tests\ComputeTest</Filter>
    </ClCompile>
    <ClCompile Include="src\Sandbox\Tests\GLTFTest.cpp">
      <Filter>Sandbox\Tests</Filter>
    </ClCompile>
    <ClCompile Include="src\Sandbox\Tests\RenderTest.cpp">
      <Filter>Sandbox\Tests</Filter>
    </ClCompile>
    <ClCompile Include="src\Sandbox\Tests\ThreadingTest.cpp">
      <Filter>Sandbox\Tests</Filter>
    </ClCompile>
    <ClCompile Include="src\Sandbox\Tests\TransferTest.cpp">
      <Filter>Sandbox\Tests</Filter>
    </ClCompile>
    <ClCompile Include="src\Sandbox\VKSandboxBase.cpp">
      <Filter>Sandbox</Filter>
    </ClCompile>
    <ClCompile Include="src\Threading\ThreadManager.cpp">
      <Filter>Threading</Filter>
    </ClCompile>
    <ClCompile Include="src\Vulkan\Buffers\Buffer.cpp">
      <Filter>Vulkan\Buffers</Filter>
    </ClCompile>
    <ClCompile Include="src\Vulkan\Buffers\Framebuffer.cpp">
      <Filter>Vulkan\Buffers</Filter>
    </ClCompile>
    <ClCompile Include="src\Vulkan\Buffers\Image.cpp">
      <Filter>Vulkan\Buffers</Filter>
    </ClCompile>
    <ClCompile Include="src\Vulkan\Buffers\ImageView.cpp">
      <Filter>Vulkan\Buffers</Filter>
    </ClCompile>
    <ClCompile Include="src\Vulkan\Buffers\Memory.cpp">
      <Filter>Vulkan\Buffers</Filter>
    </ClCompile>
    <ClCompile Include="src\Vulkan\CommandBuffer.cpp">
      <Filter>Vulkan</Filter>
    </ClCompile>
    <ClCompile Include="src\Vulkan\CommandPool.cpp">
      <Filter>Vulkan</Filter>
    </ClCompile>
    <ClCompile Include="src\Vulkan\Frame.cpp">
      <Filter>Vulkan</Filter>
    </ClCompile>
    <ClCompile Include="src\Vulkan\Instance.cpp">
      <Filter>Vulkan</Filter>
    </ClCompile>
    <ClCompile Include="src\Vulkan\Pipeline\DescriptorLayout.cpp">
      <Filter>Vulkan\Pipeline</Filter>
    </ClCompile>
    <ClCompile Include="src\Vulkan\Pipeline\DescriptorManager.cpp">
      <Filter>Vulkan\Pipeline</Filter>
    </ClCompile>
    <ClCompile Include="src\Vulkan\Pipeline\Pipeline.cpp">
      <Filter>Vulkan\Pipeline</Filter>
    </ClCompile>
    <ClCompile Include="src\Vulkan\Pipeline\PushConstants.cpp">
      <Filter>Vulkan\Pipeline</Filter>
    </ClCompile>
    <ClCompile Include="src\Vulkan\Pipeline\RenderPass.cpp">
      <Filter>Vulkan\Pipeline</Filter>
    </ClCompile>
    <ClCompile Include="src\Vulkan\Pipeline\Shader.cpp">
      <Filter>Vulkan\Pipeline</Filter>
    </ClCompile>
    <ClCompile Include="src\Vulkan\Renderer.cpp">
      <Filter>Vulkan</Filter>
    </ClCompile>
    <ClCompile Include="src\Vulkan\Sampler.cpp">
      <Filter>Vulkan</Filter>
    </ClCompile>
    <ClCompile Include="src\Vulkan\SwapChain.cpp">
      <Filter>Vulkan</Filter>
    </ClCompile>
    <ClCompile Include="src\Vulkan\Texture.cpp">
      <Filter>Vulkan</Filter>
    </ClCompile>
    <ClCompile Include="src\Vulkan\VKImgui.cpp">
      <Filter>Vulkan</Filter>
    </ClCompile>
    <ClCompile Include="src\Vulkan\VulkanProfiler.cpp">
      <Filter>Vulkan</Filter>
    </ClCompile>
    <ClCompile Include="src\jaspch.cpp" />
    <ClCompile Include="src\main.cpp" />
    <ClCompile Include="src\Core\CPUProfiler.cpp" />
  </ItemGroup>
</Project>